{
  "name": "sudolist",
  "version": "1.0.0",
  "lockfileVersion": 1,
  "requires": true,
  "dependencies": {
    "miniprogram-datepicker": {
      "version": "0.3.0",
      "resolved": "https://registry.npmjs.org/miniprogram-datepicker/-/miniprogram-datepicker-0.3.0.tgz",
      "integrity": "sha512-G2JgKIDn/W2E43yx9u0v3tNteK54FZTvqhLFmU75+i8X119p0aOhgd0meTyqZrJ3r20JBR6ZVoyIIuWD0wJjXw==",
      "dependencies": {
        "calendar": {
          "version": "github:pithyone/calendar.js#a4277590864546525b0abaf36d3e9df1932bf405",
          "from": "github:pithyone/calendar.js#a4277590864546525b0abaf36d3e9df1932bf405"
        }
      }
    },
    "weui-miniprogram": {
      "version": "0.1.12",
      "resolved": "https://registry.npmjs.org/weui-miniprogram/-/weui-miniprogram-0.1.12.tgz",
      "integrity": "sha512-MgyTCkdS/cMm5dQEX9BFKTWhHhWleNkr479cXkE+FaMstPyfcAMk08pkJ5JdsXBjhicpj/pX/9MTjyhZwNkywg=="
    }
  }
}
